// !$*UTF8*$!
{
	archiveVersion = 1;
	classes = {
	};
	objectVersion = 50;
	objects = {

/* Begin PBXBuildFile section */
		F27D7F0320B5589E00099B15 /* AppDelegate.m in Sources */ = {isa = PBXBuildFile; fileRef = F27D7F0220B5589E00099B15 /* AppDelegate.m */; };
		F27D7F0620B5589E00099B15 /* ViewController.m in Sources */ = {isa = PBXBuildFile; fileRef = F27D7F0520B5589E00099B15 /* ViewController.m */; };
		F27D7F0920B5589E00099B15 /* Main.storyboard in Resources */ = {isa = PBXBuildFile; fileRef = F27D7F0720B5589E00099B15 /* Main.storyboard */; };
		F27D7F0B20B558A000099B15 /* Assets.xcassets in Resources */ = {isa = PBXBuildFile; fileRef = F27D7F0A20B558A000099B15 /* Assets.xcassets */; };
		F27D7F0E20B558A000099B15 /* LaunchScreen.storyboard in Resources */ = {isa = PBXBuildFile; fileRef = F27D7F0C20B558A000099B15 /* LaunchScreen.storyboard */; };
		F27D7F1120B558A000099B15 /* main.m in Sources */ = {isa = PBXBuildFile; fileRef = F27D7F1020B558A000099B15 /* main.m */; };
		F27D7F1A20B5593200099B15 /* XMPageViewController.m in Sources */ = {isa = PBXBuildFile; fileRef = F27D7F1920B5593200099B15 /* XMPageViewController.m */; };
		F27D7F2020B559ED00099B15 /* TestChildViewController.m in Sources */ = {isa = PBXBuildFile; fileRef = F27D7F1F20B559ED00099B15 /* TestChildViewController.m */; };
		F27D7F2320B55A2400099B15 /* TestViewController.m in Sources */ = {isa = PBXBuildFile; fileRef = F27D7F2220B55A2400099B15 /* TestViewController.m */; };
/* End PBXBuildFile section */

/* Begin PBXFileReference section */
		F27D7EFE20B5589E00099B15 /* XMPageViewController-master.app */ = {isa = PBXFileReference; explicitFileType = wrapper.application; includeInIndex = 0; path = "XMPageViewController-master.app"; sourceTree = BUILT_PRODUCTS_DIR; };
		F27D7F0120B5589E00099B15 /* AppDelegate.h */ = {isa = PBXFileReference; lastKnownFileType = sourcecode.c.h; path = AppDelegate.h; sourceTree = "<group>"; };
		F27D7F0220B5589E00099B15 /* AppDelegate.m */ = {isa = PBXFileReference; lastKnownFileType = sourcecode.c.objc; path = AppDelegate.m; sourceTree = "<group>"; };
		F27D7F0420B5589E00099B15 /* ViewController.h */ = {isa = PBXFileReference; lastKnownFileType = sourcecode.c.h; path = ViewController.h; sourceTree = "<group>"; };
		F27D7F0520B5589E00099B15 /* ViewController.m */ = {isa = PBXFileReference; lastKnownFileType = sourcecode.c.objc; path = ViewController.m; sourceTree = "<group>"; };
		F27D7F0820B5589E00099B15 /* Base */ = {isa = PBXFileReference; lastKnownFileType = file.storyboard; name = Base; path = Base.lproj/Main.storyboard; sourceTree = "<group>"; };
		F27D7F0A20B558A000099B15 /* Assets.xcassets */ = {isa = PBXFileReference; lastKnownFileType = folder.assetcatalog; path = Assets.xcassets; sourceTree = "<group>"; };
		F27D7F0D20B558A000099B15 /* Base */ = {isa = PBXFileReference; lastKnownFileType = file.storyboard; name = Base; path = Base.lproj/LaunchScreen.storyboard; sourceTree = "<group>"; };
		F27D7F0F20B558A000099B15 /* Info.plist */ = {isa = PBXFileReference; lastKnownFileType = text.plist.xml; path = Info.plist; sourceTree = "<group>"; };
		F27D7F1020B558A000099B15 /* main.m */ = {isa = PBXFileReference; lastKnownFileType = sourcecode.c.objc; path = main.m; sourceTree = "<group>"; };
		F27D7F1820B5593200099B15 /* XMPageViewController.h */ = {isa = PBXFileReference; lastKnownFileType = sourcecode.c.h; path = XMPageViewController.h; sourceTree = "<group>"; };
		F27D7F1920B5593200099B15 /* XMPageViewController.m */ = {isa = PBXFileReference; lastKnownFileType = sourcecode.c.objc; path = XMPageViewController.m; sourceTree = "<group>"; };
		F27D7F1E20B559ED00099B15 /* TestChildViewController.h */ = {isa = PBXFileReference; lastKnownFileType = sourcecode.c.h; path = TestChildViewController.h; sourceTree = "<group>"; };
		F27D7F1F20B559ED00099B15 /* TestChildViewController.m */ = {isa = PBXFileReference; lastKnownFileType = sourcecode.c.objc; path = TestChildViewController.m; sourceTree = "<group>"; };
		F27D7F2120B55A2400099B15 /* TestViewController.h */ = {isa = PBXFileReference; lastKnownFileType = sourcecode.c.h; path = TestViewController.h; sourceTree = "<group>"; };
		F27D7F2220B55A2400099B15 /* TestViewController.m */ = {isa = PBXFileReference; lastKnownFileType = sourcecode.c.objc; path = TestViewController.m; sourceTree = "<group>"; };
/* End PBXFileReference section */

/* Begin PBXFrameworksBuildPhase section */
		F27D7EFB20B5589E00099B15 /* Frameworks */ = {
			isa = PBXFrameworksBuildPhase;
			buildActionMask = 2147483647;
			files = (
			);
			runOnlyForDeploymentPostprocessing = 0;
		};
/* End PBXFrameworksBuildPhase section */

/* Begin PBXGroup section */
		F27D7EF520B5589E00099B15 = {
			isa = PBXGroup;
			children = (
				F27D7F0020B5589E00099B15 /* XMPageViewController-master */,
				F27D7EFF20B5589E00099B15 /* Products */,
			);
			sourceTree = "<group>";
		};
		F27D7EFF20B5589E00099B15 /* Products */ = {
			isa = PBXGroup;
			children = (
				F27D7EFE20B5589E00099B15 /* XMPageViewController-master.app */,
			);
			name = Products;
			sourceTree = "<group>";
		};
		F27D7F0020B5589E00099B15 /* XMPageViewController-master */ = {
			isa = PBXGroup;
			children = (
				F27D7F1720B5591200099B15 /* XMPageViewController */,
				F27D7F0120B5589E00099B15 /* AppDelegate.h */,
				F27D7F0220B5589E00099B15 /* AppDelegate.m */,
				F27D7F0420B5589E00099B15 /* ViewController.h */,
				F27D7F0520B5589E00099B15 /* ViewController.m */,
				F27D7F0720B5589E00099B15 /* Main.storyboard */,
				F27D7F0A20B558A000099B15 /* Assets.xcassets */,
				F27D7F0C20B558A000099B15 /* LaunchScreen.storyboard */,
				F27D7F0F20B558A000099B15 /* Info.plist */,
				F27D7F1020B558A000099B15 /* main.m */,
				F27D7F1E20B559ED00099B15 /* TestChildViewController.h */,
				F27D7F1F20B559ED00099B15 /* TestChildViewController.m */,
				F27D7F2120B55A2400099B15 /* TestViewController.h */,
				F27D7F2220B55A2400099B15 /* TestViewController.m */,
			);
			path = "XMPageViewController-master";
			sourceTree = "<group>";
		};
		F27D7F1720B5591200099B15 /* XMPageViewController */ = {
			isa = PBXGroup;
			children = (
				F27D7F1820B5593200099B15 /* XMPageViewController.h */,
				F27D7F1920B5593200099B15 /* XMPageViewController.m */,
			);
			path = XMPageViewController;
			sourceTree = SOURCE_ROOT;
		};
/* End PBXGroup section */

/* Begin PBXNativeTarget section */
		F27D7EFD20B5589E00099B15 /* XMPageViewController-master */ = {
			isa = PBXNativeTarget;
			buildConfigurationList = F27D7F1420B558A000099B15 /* Build configuration list for PBXNativeTarget "XMPageViewController-master" */;
			buildPhases = (
				F27D7EFA20B5589E00099B15 /* Sources */,
				F27D7EFB20B5589E00099B15 /* Frameworks */,
				F27D7EFC20B5589E00099B15 /* Resources */,
			);
			buildRules = (
			);
			dependencies = (
			);
			name = "XMPageViewController-master";
			productName = "XMPageViewController-master";
			productReference = F27D7EFE20B5589E00099B15 /* XMPageViewController-master.app */;
			productType = "com.apple.product-type.application";
		};
/* End PBXNativeTarget section */

/* Begin PBXProject section */
		F27D7EF620B5589E00099B15 /* Project object */ = {
			isa = PBXProject;
			attributes = {
				LastUpgradeCheck = 0930;
				ORGANIZATIONNAME = xmalt;
				TargetAttributes = {
					F27D7EFD20B5589E00099B15 = {
						CreatedOnToolsVersion = 9.3.1;
					};
				};
			};
			buildConfigurationList = F27D7EF920B5589E00099B15 /* Build configuration list for PBXProject "XMPageViewController-master" */;
			compatibilityVersion = "Xcode 9.3";
			developmentRegion = en;
			hasScannedForEncodings = 0;
			knownRegions = (
				en,
				Base,
			);
			mainGroup = F27D7EF520B5589E00099B15;
			productRefGroup = F27D7EFF20B5589E00099B15 /* Products */;
			projectDirPath = "";
			projectRoot = "";
			targets = (
				F27D7EFD20B5589E00099B15 /* XMPageViewController-master */,
			);
		};
/* End PBXProject section */

/* Begin PBXResourcesBuildPhase section */
		F27D7EFC20B5589E00099B15 /* Resources */ = {
			isa = PBXResourcesBuildPhase;
			buildActionMask = 2147483647;
			files = (
				F27D7F0E20B558A000099B15 /* LaunchScreen.storyboard in Resources */,
				F27D7F0B20B558A000099B15 /* Assets.xcassets in Resources */,
				F27D7F0920B5589E00099B15 /* Main.storyboard in Resources */,
			);
			runOnlyForDeploymentPostprocessing = 0;
		};
/* End PBXResourcesBuildPhase section */

/* Begin PBXSourcesBuildPhase section */
		F27D7EFA20B5589E00099B15 /* Sources */ = {
			isa = PBXSourcesBuildPhase;
			buildActionMask = 2147483647;
			files = (
				F27D7F2320B55A2400099B15 /* TestViewController.m in Sources */,
				F27D7F0620B5589E00099B15 /* ViewController.m in Sources */,
				F27D7F1120B558A000099B15 /* main.m in Sources */,
				F27D7F1A20B5593200099B15 /* XMPageViewController.m in Sources */,
				F27D7F0320B5589E00099B15 /* AppDelegate.m in Sources */,
				F27D7F2020B559ED00099B15 /* TestChildViewController.m in Sources */,
			);
			runOnlyForDeploymentPostprocessing = 0;
		};
/* End PBXSourcesBuildPhase section */

/* Begin PBXVariantGroup section */
		F27D7F0720B5589E00099B15 /* Main.storyboard */ = {
			isa = PBXVariantGroup;
			children = (
				F27D7F0820B5589E00099B15 /* Base */,
			);
			name = Main.storyboard;
			sourceTree = "<group>";
		};
		F27D7F0C20B558A000099B15 /* LaunchScreen.storyboard */ = {
			isa = PBXVariantGroup;
			children = (
				F27D7F0D20B558A000099B15 /* Base */,
			);
			name = LaunchScreen.storyboard;
			sourceTree = "<group>";
		};
/* End PBXVariantGroup section */

/* Begin XCBuildConfiguration section */
		F27D7F1220B558A000099B15 /* Debug */ = {
			isa = XCBuildConfiguration;
			buildSettings = {
				ALWAYS_SEARCH_USER_PATHS = NO;
				CLANG_ANALYZER_NONNULL = YES;
				CLANG_ANALYZER_NUMBER_OBJECT_CONVERSION = YES_AGGRESSIVE;
				CLANG_CXX_LANGUAGE_STANDARD = "gnu++14";
				CLANG_CXX_LIBRARY = "libc++";
				CLANG_ENABLE_MODULES = YES;
				CLANG_ENABLE_OBJC_ARC = YES;
				CLANG_ENABLE_OBJC_WEAK = YES;
				CLANG_WARN_BLOCK_CAPTURE_AUTORELEASING = YES;
				CLANG_WARN_BOOL_CONVERSION = YES;
				CLANG_WARN_COMMA = YES;
				CLANG_WARN_CONSTANT_CONVERSION = YES;
				CLANG_WARN_DEPRECATED_OBJC_IMPLEMENTATIONS = YES;
				CLANG_WARN_DIRECT_OBJC_ISA_USAGE = YES_ERROR;
				CLANG_WARN_DOCUMENTATION_COMMENTS = YES;
				CLANG_WARN_EMPTY_BODY = YES;
				CLANG_WARN_ENUM_CONVERSION = YES;
				CLANG_WARN_INFINITE_RECURSION = YES;
				CLANG_WARN_INT_CONVERSION = YES;
				CLANG_WARN_NON_LITERAL_NULL_CONVERSION = YES;
				CLANG_WARN_OBJC_IMPLICIT_RETAIN_SELF = YES;
				CLANG_WARN_OBJC_LITERAL_CONVERSION = YES;
				CLANG_WARN_OBJC_ROOT_CLASS = YES_ERROR;
				CLANG_WARN_RANGE_LOOP_ANALYSIS = YES;
				CLANG_WARN_STRICT_PROTOTYPES = YES;
				CLANG_WARN_SUSPICIOUS_MOVE = YES;
				CLANG_WARN_UNGUARDED_AVAILABILITY = YES_AGGRESSIVE;
				CLANG_WARN_UNREACHABLE_CODE = YES;
				CLANG_WARN__DUPLICATE_METHOD_MATCH = YES;
				CODE_SIGN_IDENTITY = "iPhone Developer";
				COPY_PHASE_STRIP = NO;
				DEBUG_INFORMATION_FORMAT = dwarf;
				ENABLE_STRICT_OBJC_MSGSEND = YES;
				ENABLE_TESTABILITY = YES;
				GCC_C_LANGUAGE_STANDARD = gnu11;
				GCC_DYNAMIC_NO_PIC = NO;
				GCC_NO_COMMON_BLOCKS = YES;
				GCC_OPTIMIZATION_LEVEL = 0;
				GCC_PREPROCESSOR_DEFINITIONS = (
					"DEBUG=1",
					"$(inherited)",
				);
				GCC_WARN_64_TO_32_BIT_CONVERSION = YES;
				GCC_WARN_ABOUT_RETURN_TYPE = YES_ERROR;
				GCC_WARN_UNDECLARED_SELECTOR = YES;
				GCC_WARN_UNINITIALIZED_AUTOS = YES_AGGRESSIVE;
				GCC_WARN_UNUSED_FUNCTION = YES;
				GCC_WARN_UNUSED_VARIABLE = YES;
				IPHONEOS_DEPLOYMENT_TARGET = 11.3;
				MTL_ENABLE_DEBUG_INFO = YES;
				ONLY_ACTIVE_ARCH = YES;
				SDKROOT = iphoneos;
			};
			name = Debug;
		};
		F27D7F1320B558A000099B15 /* Release */ = {
			isa = XCBuildConfiguration;
			buildSettings = {
				ALWAYS_SEARCH_USER_PATHS = NO;
				CLANG_ANALYZER_NONNULL = YES;
				CLANG_ANALYZER_NUMBER_OBJECT_CONVERSION = YES_AGGRESSIVE;
				CLANG_CXX_LANGUAGE_STANDARD = "gnu++14";
				CLANG_CXX_LIBRARY = "libc++";
				CLANG_ENABLE_MODULES = YES;
				CLANG_ENABLE_OBJC_ARC = YES;
				CLANG_ENABLE_OBJC_WEAK = YES;
				CLANG_WARN_BLOCK_CAPTURE_AUTORELEASING = YES;
				CLANG_WARN_BOOL_CONVERSION = YES;
				CLANG_WARN_COMMA = YES;
				CLANG_WARN_CONSTANT_CONVERSION = YES;
				CLANG_WARN_DEPRECATED_OBJC_IMPLEMENTATIONS = YES;
				CLANG_WARN_DIRECT_OBJC_ISA_USAGE = YES_ERROR;
				CLANG_WARN_DOCUMENTATION_COMMENTS = YES;
				CLANG_WARN_EMPTY_BODY = YES;
				CLANG_WARN_ENUM_CONVERSION = YES;
				CLANG_WARN_INFINITE_RECURSION = YES;
				CLANG_WARN_INT_CONVERSION = YES;
				CLANG_WARN_NON_LITERAL_NULL_CONVERSION = YES;
				CLANG_WARN_OBJC_IMPLICIT_RETAIN_SELF = YES;
				CLANG_WARN_OBJC_LITERAL_CONVERSION = YES;
				CLANG_WARN_OBJC_ROOT_CLASS = YES_ERROR;
				CLANG_WARN_RANGE_LOOP_ANALYSIS = YES;
				CLANG_WARN_STRICT_PROTOTYPES = YES;
				CLANG_WARN_SUSPICIOUS_MOVE = YES;
				CLANG_WARN_UNGUARDED_AVAILABILITY = YES_AGGRESSIVE;
				CLANG_WARN_UNREACHABLE_CODE = YES;
				CLANG_WARN__DUPLICATE_METHOD_MATCH = YES;
				CODE_SIGN_IDENTITY = "iPhone Developer";
				COPY_PHASE_STRIP = NO;
				DEBUG_INFORMATION_FORMAT = "dwarf-with-dsym";
				ENABLE_NS_ASSERTIONS = NO;
				ENABLE_STRICT_OBJC_MSGSEND = YES;
				GCC_C_LANGUAGE_STANDARD = gnu11;
				GCC_NO_COMMON_BLOCKS = YES;
				GCC_WARN_64_TO_32_BIT_CONVERSION = YES;
				GCC_WARN_ABOUT_RETURN_TYPE = YES_ERROR;
				GCC_WARN_UNDECLARED_SELECTOR = YES;
				GCC_WARN_UNINITIALIZED_AUTOS = YES_AGGRESSIVE;
				GCC_WARN_UNUSED_FUNCTION = YES;
				GCC_WARN_UNUSED_VARIABLE = YES;
				IPHONEOS_DEPLOYMENT_TARGET = 11.3;
				MTL_ENABLE_DEBUG_INFO = NO;
				SDKROOT = iphoneos;
				VALIDATE_PRODUCT = YES;
			};
			name = Release;
		};
		F27D7F1520B558A000099B15 /* Debug */ = {
			isa = XCBuildConfiguration;
			buildSettings = {
				ASSETCATALOG_COMPILER_APPICON_NAME = AppIcon;
				CODE_SIGN_STYLE = Automatic;
				DEVELOPMENT_TEAM = XQRN8QEZM2;
				INFOPLIST_FILE = "XMPageViewController-master/Info.plist";
				IPHONEOS_DEPLOYMENT_TARGET = 9.0;
				LD_RUNPATH_SEARCH_PATHS = (
					"$(inherited)",
					"@executable_path/Frameworks",
				);
				PRODUCT_BUNDLE_IDENTIFIER = "com.xmalt.XMPageViewController-master";
				PRODUCT_NAME = "$(TARGET_NAME)";
				TARGETED_DEVICE_FAMILY = 1;
			};
			name = Debug;
		};
		F27D7F1620B558A000099B15 /* Release */ = {
			isa = XCBuildConfiguration;
			buildSettings = {
				ASSETCATALOG_COMPILER_APPICON_NAME = AppIcon;
				CODE_SIGN_STYLE = Automatic;
				DEVELOPMENT_TEAM = XQRN8QEZM2;
				INFOPLIST_FILE = "XMPageViewController-master/Info.plist";
				IPHONEOS_DEPLOYMENT_TARGET = 9.0;
				LD_RUNPATH_SEARCH_PATHS = (
					"$(inherited)",
					"@executable_path/Frameworks",
				);
				PRODUCT_BUNDLE_IDENTIFIER = "com.xmalt.XMPageViewController-master";
				PRODUCT_NAME = "$(TARGET_NAME)";
				TARGETED_DEVICE_FAMILY = 1;
			};
			name = Release;
		};
/* End XCBuildConfiguration section */

/* Begin XCConfigurationList section */
		F27D7EF920B5589E00099B15 /* Build configuration list for PBXProject "XMPageViewController-master" */ = {
			isa = XCConfigurationList;
			buildConfigurations = (
				F27D7F1220B558A000099B15 /* Debug */,
				F27D7F1320B558A000099B15 /* Release */,
			);
			defaultConfigurationIsVisible = 0;
			defaultConfigurationName = Release;
		};
		F27D7F1420B558A000099B15 /* Build configuration list for PBXNativeTarget "XMPageViewController-master" */ = {
			isa = XCConfigurationList;
			buildConfigurations = (
				F27D7F1520B558A000099B15 /* Debug */,
				F27D7F1620B558A000099B15 /* Release */,
			);
			defaultConfigurationIsVisible = 0;
			defaultConfigurationName = Release;
		};
/* End XCConfigurationList section */
	};
	rootObject = F27D7EF620B5589E00099B15 /* Project object */;
}
